
Microsoft Visual Studio Solution File, Format Version 12.00
# Visual Studio Version 16
VisualStudioVersion = 16.0.30503.244
MinimumVisualStudioVersion = 10.0.40219.1
Project("{FAE04EC0-301F-11D3-BF4B-00C04F79EFBC}") = "Esercizi", "Esercizi.csproj", "{06924BC9-C230-4668-8153-D63788E99B90}"
EndProject
Global
	GlobalSection(SolutionConfigurationPlatforms) = preSolution
		Debug|Any CPU = Debug|Any CPU
		Release|Any CPU = Release|Any CPU
	EndGlobalSection
	GlobalSection(ProjectConfigurationPlatforms) = postSolution
		{06924BC9-C230-4668-8153-D63788E99B90}.Debug|Any CPU.ActiveCfg = Debug|Any CPU
		{06924BC9-C230-4668-8153-D63788E99B90}.Debug|Any CPU.Build.0 = Debug|Any CPU
		{06924BC9-C230-4668-8153-D63788E99B90}.Release|Any CPU.ActiveCfg = Release|Any CPU
		{06924BC9-C230-4668-8153-D63788E99B90}.Release|Any CPU.Build.0 = Release|Any CPU
	EndGlobalSection
	GlobalSection(SolutionProperties) = preSolution
		HideSolutionNode = FALSE
	EndGlobalSection
	GlobalSection(ExtensibilityGlobals) = postSolution
		SolutionGuid = {E0C9311C-E416-4255-A1F0-55DE5D14AC5A}
	EndGlobalSection
EndGlobal
